// !$*UTF8*$!
{
	archiveVersion = 1;
	classes = {
	};
	objectVersion = 50;
	objects = {

/* Begin PBXBuildFile section */
		CE643B45260A2C1100E0EFE8 /* AppDelegate.swift in Sources */ = {isa = PBXBuildFile; fileRef = CE643B44260A2C1100E0EFE8 /* AppDelegate.swift */; };
		CE643B47260A2C1100E0EFE8 /* SceneDelegate.swift in Sources */ = {isa = PBXBuildFile; fileRef = CE643B46260A2C1100E0EFE8 /* SceneDelegate.swift */; };
		CE643B49260A2C1100E0EFE8 /* ViewController.swift in Sources */ = {isa = PBXBuildFile; fileRef = CE643B48260A2C1100E0EFE8 /* ViewController.swift */; };
		CE643B4C260A2C1100E0EFE8 /* Main.storyboard in Resources */ = {isa = PBXBuildFile; fileRef = CE643B4A260A2C1100E0EFE8 /* Main.storyboard */; };
		CE643B4E260A2C1500E0EFE8 /* Assets.xcassets in Resources */ = {isa = PBXBuildFile; fileRef = CE643B4D260A2C1500E0EFE8 /* Assets.xcassets */; };
		CE643B51260A2C1500E0EFE8 /* LaunchScreen.storyboard in Resources */ = {isa = PBXBuildFile; fileRef = CE643B4F260A2C1500E0EFE8 /* LaunchScreen.storyboard */; };
		CE643B5C260A2C1500E0EFE8 /* XXXXLTests.swift in Sources */ = {isa = PBXBuildFile; fileRef = CE643B5B260A2C1500E0EFE8 /* XXXXLTests.swift */; };
		CE643B67260A2C1500E0EFE8 /* XXXXLUITests.swift in Sources */ = {isa = PBXBuildFile; fileRef = CE643B66260A2C1500E0EFE8 /* XXXXLUITests.swift */; };
/* End PBXBuildFile section */

/* Begin PBXContainerItemProxy section */
		CE643B58260A2C1500E0EFE8 /* PBXContainerItemProxy */ = {
			isa = PBXContainerItemProxy;
			containerPortal = CE643B39260A2C1100E0EFE8 /* Project object */;
			proxyType = 1;
			remoteGlobalIDString = CE643B40260A2C1100E0EFE8;
			remoteInfo = XXXXL;
		};
		CE643B63260A2C1500E0EFE8 /* PBXContainerItemProxy */ = {
			isa = PBXContainerItemProxy;
			containerPortal = CE643B39260A2C1100E0EFE8 /* Project object */;
			proxyType = 1;
			remoteGlobalIDString = CE643B40260A2C1100E0EFE8;
			remoteInfo = XXXXL;
		};
/* End PBXContainerItemProxy section */

/* Begin PBXFileReference section */
		CE643B41260A2C1100E0EFE8 /* XXXXL.app */ = {isa = PBXFileReference; explicitFileType = wrapper.application; includeInIndex = 0; path = XXXXL.app; sourceTree = BUILT_PRODUCTS_DIR; };
		CE643B44260A2C1100E0EFE8 /* AppDelegate.swift */ = {isa = PBXFileReference; lastKnownFileType = sourcecode.swift; path = AppDelegate.swift; sourceTree = "<group>"; };
		CE643B46260A2C1100E0EFE8 /* SceneDelegate.swift */ = {isa = PBXFileReference; lastKnownFileType = sourcecode.swift; path = SceneDelegate.swift; sourceTree = "<group>"; };
		CE643B48260A2C1100E0EFE8 /* ViewController.swift */ = {isa = PBXFileReference; lastKnownFileType = sourcecode.swift; path = ViewController.swift; sourceTree = "<group>"; };
		CE643B4B260A2C1100E0EFE8 /* Base */ = {isa = PBXFileReference; lastKnownFileType = file.storyboard; name = Base; path = Base.lproj/Main.storyboard; sourceTree = "<group>"; };
		CE643B4D260A2C1500E0EFE8 /* Assets.xcassets */ = {isa = PBXFileReference; lastKnownFileType = folder.assetcatalog; path = Assets.xcassets; sourceTree = "<group>"; };
		CE643B50260A2C1500E0EFE8 /* Base */ = {isa = PBXFileReference; lastKnownFileType = file.storyboard; name = Base; path = Base.lproj/LaunchScreen.storyboard; sourceTree = "<group>"; };
		CE643B52260A2C1500E0EFE8 /* Info.plist */ = {isa = PBXFileReference; lastKnownFileType = text.plist.xml; path = Info.plist; sourceTree = "<group>"; };
		CE643B57260A2C1500E0EFE8 /* XXXXLTests.xctest */ = {isa = PBXFileReference; explicitFileType = wrapper.cfbundle; includeInIndex = 0; path = XXXXLTests.xctest; sourceTree = BUILT_PRODUCTS_DIR; };
		CE643B5B260A2C1500E0EFE8 /* XXXXLTests.swift */ = {isa = PBXFileReference; lastKnownFileType = sourcecode.swift; path = XXXXLTests.swift; sourceTree = "<group>"; };
		CE643B5D260A2C1500E0EFE8 /* Info.plist */ = {isa = PBXFileReference; lastKnownFileType = text.plist.xml; path = Info.plist; sourceTree = "<group>"; };
		CE643B62260A2C1500E0EFE8 /* XXXXLUITests.xctest */ = {isa = PBXFileReference; explicitFileType = wrapper.cfbundle; includeInIndex = 0; path = XXXXLUITests.xctest; sourceTree = BUILT_PRODUCTS_DIR; };
		CE643B66260A2C1500E0EFE8 /* XXXXLUITests.swift */ = {isa = PBXFileReference; lastKnownFileType = sourcecode.swift; path = XXXXLUITests.swift; sourceTree = "<group>"; };
		CE643B68260A2C1500E0EFE8 /* Info.plist */ = {isa = PBXFileReference; lastKnownFileType = text.plist.xml; path = Info.plist; sourceTree = "<group>"; };
/* End PBXFileReference section */

/* Begin PBXFrameworksBuildPhase section */
		CE643B3E260A2C1100E0EFE8 /* Frameworks */ = {
			isa = PBXFrameworksBuildPhase;
			buildActionMask = 2147483647;
			files = (
			);
			runOnlyForDeploymentPostprocessing = 0;
		};
		CE643B54260A2C1500E0EFE8 /* Frameworks */ = {
			isa = PBXFrameworksBuildPhase;
			buildActionMask = 2147483647;
			files = (
			);
			runOnlyForDeploymentPostprocessing = 0;
		};
		CE643B5F260A2C1500E0EFE8 /* Frameworks */ = {
			isa = PBXFrameworksBuildPhase;
			buildActionMask = 2147483647;
			files = (
			);
			runOnlyForDeploymentPostprocessing = 0;
		};
/* End PBXFrameworksBuildPhase section */

/* Begin PBXGroup section */
		CE643B38260A2C1100E0EFE8 = {
			isa = PBXGroup;
			children = (
				CE643B43260A2C1100E0EFE8 /* XXXXL */,
				CE643B5A260A2C1500E0EFE8 /* XXXXLTests */,
				CE643B65260A2C1500E0EFE8 /* XXXXLUITests */,
				CE643B42260A2C1100E0EFE8 /* Products */,
			);
			sourceTree = "<group>";
		};
		CE643B42260A2C1100E0EFE8 /* Products */ = {
			isa = PBXGroup;
			children = (
				CE643B41260A2C1100E0EFE8 /* XXXXL.app */,
				CE643B57260A2C1500E0EFE8 /* XXXXLTests.xctest */,
				CE643B62260A2C1500E0EFE8 /* XXXXLUITests.xctest */,
			);
			name = Products;
			sourceTree = "<group>";
		};
		CE643B43260A2C1100E0EFE8 /* XXXXL */ = {
			isa = PBXGroup;
			children = (
				CE643B44260A2C1100E0EFE8 /* AppDelegate.swift */,
				CE643B46260A2C1100E0EFE8 /* SceneDelegate.swift */,
				CE643B48260A2C1100E0EFE8 /* ViewController.swift */,
				CE643B4A260A2C1100E0EFE8 /* Main.storyboard */,
				CE643B4D260A2C1500E0EFE8 /* Assets.xcassets */,
				CE643B4F260A2C1500E0EFE8 /* LaunchScreen.storyboard */,
				CE643B52260A2C1500E0EFE8 /* Info.plist */,
			);
			path = XXXXL;
			sourceTree = "<group>";
		};
		CE643B5A260A2C1500E0EFE8 /* XXXXLTests */ = {
			isa = PBXGroup;
			children = (
				CE643B5B260A2C1500E0EFE8 /* XXXXLTests.swift */,
				CE643B5D260A2C1500E0EFE8 /* Info.plist */,
			);
			path = XXXXLTests;
			sourceTree = "<group>";
		};
		CE643B65260A2C1500E0EFE8 /* XXXXLUITests */ = {
			isa = PBXGroup;
			children = (
				CE643B66260A2C1500E0EFE8 /* XXXXLUITests.swift */,
				CE643B68260A2C1500E0EFE8 /* Info.plist */,
			);
			path = XXXXLUITests;
			sourceTree = "<group>";
		};
/* End PBXGroup section */

/* Begin PBXNativeTarget section */
		CE643B40260A2C1100E0EFE8 /* XXXXL */ = {
			isa = PBXNativeTarget;
			buildConfigurationList = CE643B6B260A2C1500E0EFE8 /* Build configuration list for PBXNativeTarget "XXXXL" */;
			buildPhases = (
				CE643B3D260A2C1100E0EFE8 /* Sources */,
				CE643B3E260A2C1100E0EFE8 /* Frameworks */,
				CE643B3F260A2C1100E0EFE8 /* Resources */,
			);
			buildRules = (
			);
			dependencies = (
			);
			name = XXXXL;
			productName = XXXXL;
			productReference = CE643B41260A2C1100E0EFE8 /* XXXXL.app */;
			productType = "com.apple.product-type.application";
		};
		CE643B56260A2C1500E0EFE8 /* XXXXLTests */ = {
			isa = PBXNativeTarget;
			buildConfigurationList = CE643B6E260A2C1500E0EFE8 /* Build configuration list for PBXNativeTarget "XXXXLTests" */;
			buildPhases = (
				CE643B53260A2C1500E0EFE8 /* Sources */,
				CE643B54260A2C1500E0EFE8 /* Frameworks */,
				CE643B55260A2C1500E0EFE8 /* Resources */,
			);
			buildRules = (
			);
			dependencies = (
				CE643B59260A2C1500E0EFE8 /* PBXTargetDependency */,
			);
			name = XXXXLTests;
			productName = XXXXLTests;
			productReference = CE643B57260A2C1500E0EFE8 /* XXXXLTests.xctest */;
			productType = "com.apple.product-type.bundle.unit-test";
		};
		CE643B61260A2C1500E0EFE8 /* XXXXLUITests */ = {
			isa = PBXNativeTarget;
			buildConfigurationList = CE643B71260A2C1500E0EFE8 /* Build configuration list for PBXNativeTarget "XXXXLUITests" */;
			buildPhases = (
				CE643B5E260A2C1500E0EFE8 /* Sources */,
				CE643B5F260A2C1500E0EFE8 /* Frameworks */,
				CE643B60260A2C1500E0EFE8 /* Resources */,
			);
			buildRules = (
			);
			dependencies = (
				CE643B64260A2C1500E0EFE8 /* PBXTargetDependency */,
			);
			name = XXXXLUITests;
			productName = XXXXLUITests;
			productReference = CE643B62260A2C1500E0EFE8 /* XXXXLUITests.xctest */;
			productType = "com.apple.product-type.bundle.ui-testing";
		};
/* End PBXNativeTarget section */

/* Begin PBXProject section */
		CE643B39260A2C1100E0EFE8 /* Project object */ = {
			isa = PBXProject;
			attributes = {
				LastSwiftUpdateCheck = 1240;
				LastUpgradeCheck = 1240;
				TargetAttributes = {
					CE643B40260A2C1100E0EFE8 = {
						CreatedOnToolsVersion = 12.4;
					};
					CE643B56260A2C1500E0EFE8 = {
						CreatedOnToolsVersion = 12.4;
						TestTargetID = CE643B40260A2C1100E0EFE8;
					};
					CE643B61260A2C1500E0EFE8 = {
						CreatedOnToolsVersion = 12.4;
						TestTargetID = CE643B40260A2C1100E0EFE8;
					};
				};
			};
			buildConfigurationList = CE643B3C260A2C1100E0EFE8 /* Build configuration list for PBXProject "XXXXL" */;
			compatibilityVersion = "Xcode 9.3";
			developmentRegion = en;
			hasScannedForEncodings = 0;
			knownRegions = (
				en,
				Base,
			);
			mainGroup = CE643B38260A2C1100E0EFE8;
			productRefGroup = CE643B42260A2C1100E0EFE8 /* Products */;
			projectDirPath = "";
			projectRoot = "";
			targets = (
				CE643B40260A2C1100E0EFE8 /* XXXXL */,
				CE643B56260A2C1500E0EFE8 /* XXXXLTests */,
				CE643B61260A2C1500E0EFE8 /* XXXXLUITests */,
			);
		};
/* End PBXProject section */

/* Begin PBXResourcesBuildPhase section */
		CE643B3F260A2C1100E0EFE8 /* Resources */ = {
			isa = PBXResourcesBuildPhase;
			buildActionMask = 2147483647;
			files = (
				CE643B51260A2C1500E0EFE8 /* LaunchScreen.storyboard in Resources */,
				CE643B4E260A2C1500E0EFE8 /* Assets.xcassets in Resources */,
				CE643B4C260A2C1100E0EFE8 /* Main.storyboard in Resources */,
			);
			runOnlyForDeploymentPostprocessing = 0;
		};
		CE643B55260A2C1500E0EFE8 /* Resources */ = {
			isa = PBXResourcesBuildPhase;
			buildActionMask = 2147483647;
			files = (
			);
			runOnlyForDeploymentPostprocessing = 0;
		};
		CE643B60260A2C1500E0EFE8 /* Resources */ = {
			isa = PBXResourcesBuildPhase;
			buildActionMask = 2147483647;
			files = (
			);
			runOnlyForDeploymentPostprocessing = 0;
		};
/* End PBXResourcesBuildPhase section */

/* Begin PBXSourcesBuildPhase section */
		CE643B3D260A2C1100E0EFE8 /* Sources */ = {
			isa = PBXSourcesBuildPhase;
			buildActionMask = 2147483647;
			files = (
				CE643B49260A2C1100E0EFE8 /* ViewController.swift in Sources */,
				CE643B45260A2C1100E0EFE8 /* AppDelegate.swift in Sources */,
				CE643B47260A2C1100E0EFE8 /* SceneDelegate.swift in Sources */,
			);
			runOnlyForDeploymentPostprocessing = 0;
		};
		CE643B53260A2C1500E0EFE8 /* Sources */ = {
			isa = PBXSourcesBuildPhase;
			buildActionMask = 2147483647;
			files = (
				CE643B5C260A2C1500E0EFE8 /* XXXXLTests.swift in Sources */,
			);
			runOnlyForDeploymentPostprocessing = 0;
		};
		CE643B5E260A2C1500E0EFE8 /* Sources */ = {
			isa = PBXSourcesBuildPhase;
			buildActionMask = 2147483647;
			files = (
				CE643B67260A2C1500E0EFE8 /* XXXXLUITests.swift in Sources */,
			);
			runOnlyForDeploymentPostprocessing = 0;
		};
/* End PBXSourcesBuildPhase section */

/* Begin PBXTargetDependency section */
		CE643B59260A2C1500E0EFE8 /* PBXTargetDependency */ = {
			isa = PBXTargetDependency;
			target = CE643B40260A2C1100E0EFE8 /* XXXXL */;
			targetProxy = CE643B58260A2C1500E0EFE8 /* PBXContainerItemProxy */;
		};
		CE643B64260A2C1500E0EFE8 /* PBXTargetDependency */ = {
			isa = PBXTargetDependency;
			target = CE643B40260A2C1100E0EFE8 /* XXXXL */;
			targetProxy = CE643B63260A2C1500E0EFE8 /* PBXContainerItemProxy */;
		};
/* End PBXTargetDependency section */

/* Begin PBXVariantGroup section */
		CE643B4A260A2C1100E0EFE8 /* Main.storyboard */ = {
			isa = PBXVariantGroup;
			children = (
				CE643B4B260A2C1100E0EFE8 /* Base */,
			);
			name = Main.storyboard;
			sourceTree = "<group>";
		};
		CE643B4F260A2C1500E0EFE8 /* LaunchScreen.storyboard */ = {
			isa = PBXVariantGroup;
			children = (
				CE643B50260A2C1500E0EFE8 /* Base */,
			);
			name = LaunchScreen.storyboard;
			sourceTree = "<group>";
		};
/* End PBXVariantGroup section */

/* Begin XCBuildConfiguration section */
		CE643B69260A2C1500E0EFE8 /* Debug */ = {
			isa = XCBuildConfiguration;
			buildSettings = {
				ALWAYS_SEARCH_USER_PATHS = NO;
				CLANG_ANALYZER_NONNULL = YES;
				CLANG_ANALYZER_NUMBER_OBJECT_CONVERSION = YES_AGGRESSIVE;
				CLANG_CXX_LANGUAGE_STANDARD = "gnu++14";
				CLANG_CXX_LIBRARY = "libc++";
				CLANG_ENABLE_MODULES = YES;
				CLANG_ENABLE_OBJC_ARC = YES;
				CLANG_ENABLE_OBJC_WEAK = YES;
				CLANG_WARN_BLOCK_CAPTURE_AUTORELEASING = YES;
				CLANG_WARN_BOOL_CONVERSION = YES;
				CLANG_WARN_COMMA = YES;
				CLANG_WARN_CONSTANT_CONVERSION = YES;
				CLANG_WARN_DEPRECATED_OBJC_IMPLEMENTATIONS = YES;
				CLANG_WARN_DIRECT_OBJC_ISA_USAGE = YES_ERROR;
				CLANG_WARN_DOCUMENTATION_COMMENTS = YES;
				CLANG_WARN_EMPTY_BODY = YES;
				CLANG_WARN_ENUM_CONVERSION = YES;
				CLANG_WARN_INFINITE_RECURSION = YES;
				CLANG_WARN_INT_CONVERSION = YES;
				CLANG_WARN_NON_LITERAL_NULL_CONVERSION = YES;
				CLANG_WARN_OBJC_IMPLICIT_RETAIN_SELF = YES;
				CLANG_WARN_OBJC_LITERAL_CONVERSION = YES;
				CLANG_WARN_OBJC_ROOT_CLASS = YES_ERROR;
				CLANG_WARN_QUOTED_INCLUDE_IN_FRAMEWORK_HEADER = YES;
				CLANG_WARN_RANGE_LOOP_ANALYSIS = YES;
				CLANG_WARN_STRICT_PROTOTYPES = YES;
				CLANG_WARN_SUSPICIOUS_MOVE = YES;
				CLANG_WARN_UNGUARDED_AVAILABILITY = YES_AGGRESSIVE;
				CLANG_WARN_UNREACHABLE_CODE = YES;
				CLANG_WARN__DUPLICATE_METHOD_MATCH = YES;
				COPY_PHASE_STRIP = NO;
				DEBUG_INFORMATION_FORMAT = dwarf;
				ENABLE_STRICT_OBJC_MSGSEND = YES;
				ENABLE_TESTABILITY = YES;
				GCC_C_LANGUAGE_STANDARD = gnu11;
				GCC_DYNAMIC_NO_PIC = NO;
				GCC_NO_COMMON_BLOCKS = YES;
				GCC_OPTIMIZATION_LEVEL = 0;
				GCC_PREPROCESSOR_DEFINITIONS = (
					"DEBUG=1",
					"$(inherited)",
				);
				GCC_WARN_64_TO_32_BIT_CONVERSION = YES;
				GCC_WARN_ABOUT_RETURN_TYPE = YES_ERROR;
				GCC_WARN_UNDECLARED_SELECTOR = YES;
				GCC_WARN_UNINITIALIZED_AUTOS = YES_AGGRESSIVE;
				GCC_WARN_UNUSED_FUNCTION = YES;
				GCC_WARN_UNUSED_VARIABLE = YES;
				IPHONEOS_DEPLOYMENT_TARGET = 14.4;
				MTL_ENABLE_DEBUG_INFO = INCLUDE_SOURCE;
				MTL_FAST_MATH = YES;
				ONLY_ACTIVE_ARCH = YES;
				SDKROOT = iphoneos;
				SWIFT_ACTIVE_COMPILATION_CONDITIONS = DEBUG;
				SWIFT_OPTIMIZATION_LEVEL = "-Onone";
			};
			name = Debug;
		};
		CE643B6A260A2C1500E0EFE8 /* Release */ = {
			isa = XCBuildConfiguration;
			buildSettings = {
				ALWAYS_SEARCH_USER_PATHS = NO;
				CLANG_ANALYZER_NONNULL = YES;
				CLANG_ANALYZER_NUMBER_OBJECT_CONVERSION = YES_AGGRESSIVE;
				CLANG_CXX_LANGUAGE_STANDARD = "gnu++14";
				CLANG_CXX_LIBRARY = "libc++";
				CLANG_ENABLE_MODULES = YES;
				CLANG_ENABLE_OBJC_ARC = YES;
				CLANG_ENABLE_OBJC_WEAK = YES;
				CLANG_WARN_BLOCK_CAPTURE_AUTORELEASING = YES;
				CLANG_WARN_BOOL_CONVERSION = YES;
				CLANG_WARN_COMMA = YES;
				CLANG_WARN_CONSTANT_CONVERSION = YES;
				CLANG_WARN_DEPRECATED_OBJC_IMPLEMENTATIONS = YES;
				CLANG_WARN_DIRECT_OBJC_ISA_USAGE = YES_ERROR;
				CLANG_WARN_DOCUMENTATION_COMMENTS = YES;
				CLANG_WARN_EMPTY_BODY = YES;
				CLANG_WARN_ENUM_CONVERSION = YES;
				CLANG_WARN_INFINITE_RECURSION = YES;
				CLANG_WARN_INT_CONVERSION = YES;
				CLANG_WARN_NON_LITERAL_NULL_CONVERSION = YES;
				CLANG_WARN_OBJC_IMPLICIT_RETAIN_SELF = YES;
				CLANG_WARN_OBJC_LITERAL_CONVERSION = YES;
				CLANG_WARN_OBJC_ROOT_CLASS = YES_ERROR;
				CLANG_WARN_QUOTED_INCLUDE_IN_FRAMEWORK_HEADER = YES;
				CLANG_WARN_RANGE_LOOP_ANALYSIS = YES;
				CLANG_WARN_STRICT_PROTOTYPES = YES;
				CLANG_WARN_SUSPICIOUS_MOVE = YES;
				CLANG_WARN_UNGUARDED_AVAILABILITY = YES_AGGRESSIVE;
				CLANG_WARN_UNREACHABLE_CODE = YES;
				CLANG_WARN__DUPLICATE_METHOD_MATCH = YES;
				COPY_PHASE_STRIP = NO;
				DEBUG_INFORMATION_FORMAT = "dwarf-with-dsym";
				ENABLE_NS_ASSERTIONS = NO;
				ENABLE_STRICT_OBJC_MSGSEND = YES;
				GCC_C_LANGUAGE_STANDARD = gnu11;
				GCC_NO_COMMON_BLOCKS = YES;
				GCC_WARN_64_TO_32_BIT_CONVERSION = YES;
				GCC_WARN_ABOUT_RETURN_TYPE = YES_ERROR;
				GCC_WARN_UNDECLARED_SELECTOR = YES;
				GCC_WARN_UNINITIALIZED_AUTOS = YES_AGGRESSIVE;
				GCC_WARN_UNUSED_FUNCTION = YES;
				GCC_WARN_UNUSED_VARIABLE = YES;
				IPHONEOS_DEPLOYMENT_TARGET = 14.4;
				MTL_ENABLE_DEBUG_INFO = NO;
				MTL_FAST_MATH = YES;
				SDKROOT = iphoneos;
				SWIFT_COMPILATION_MODE = wholemodule;
				SWIFT_OPTIMIZATION_LEVEL = "-O";
				VALIDATE_PRODUCT = YES;
			};
			name = Release;
		};
		CE643B6C260A2C1500E0EFE8 /* Debug */ = {
			isa = XCBuildConfiguration;
			buildSettings = {
				ASSETCATALOG_COMPILER_APPICON_NAME = AppIcon;
				ASSETCATALOG_COMPILER_GLOBAL_ACCENT_COLOR_NAME = AccentColor;
				CODE_SIGN_STYLE = Automatic;
				INFOPLIST_FILE = XXXXL/Info.plist;
				LD_RUNPATH_SEARCH_PATHS = (
					"$(inherited)",
					"@executable_path/Frameworks",
				);
				PRODUCT_BUNDLE_IDENTIFIER = XXXL.XXXXL;
				PRODUCT_NAME = "$(TARGET_NAME)";
				SWIFT_VERSION = 5.0;
				TARGETED_DEVICE_FAMILY = "1,2";
			};
			name = Debug;
		};
		CE643B6D260A2C1500E0EFE8 /* Release */ = {
			isa = XCBuildConfiguration;
			buildSettings = {
				ASSETCATALOG_COMPILER_APPICON_NAME = AppIcon;
				ASSETCATALOG_COMPILER_GLOBAL_ACCENT_COLOR_NAME = AccentColor;
				CODE_SIGN_STYLE = Automatic;
				INFOPLIST_FILE = XXXXL/Info.plist;
				LD_RUNPATH_SEARCH_PATHS = (
					"$(inherited)",
					"@executable_path/Frameworks",
				);
				PRODUCT_BUNDLE_IDENTIFIER = XXXL.XXXXL;
				PRODUCT_NAME = "$(TARGET_NAME)";
				SWIFT_VERSION = 5.0;
				TARGETED_DEVICE_FAMILY = "1,2";
			};
			name = Release;
		};
		CE643B6F260A2C1500E0EFE8 /* Debug */ = {
			isa = XCBuildConfiguration;
			buildSettings = {
				ALWAYS_EMBED_SWIFT_STANDARD_LIBRARIES = YES;
				BUNDLE_LOADER = "$(TEST_HOST)";
				CODE_SIGN_STYLE = Automatic;
				INFOPLIST_FILE = XXXXLTests/Info.plist;
				IPHONEOS_DEPLOYMENT_TARGET = 14.4;
				LD_RUNPATH_SEARCH_PATHS = (
					"$(inherited)",
					"@executable_path/Frameworks",
					"@loader_path/Frameworks",
				);
				PRODUCT_BUNDLE_IDENTIFIER = XXXL.XXXXLTests;
				PRODUCT_NAME = "$(TARGET_NAME)";
				SWIFT_VERSION = 5.0;
				TARGETED_DEVICE_FAMILY = "1,2";
				TEST_HOST = "$(BUILT_PRODUCTS_DIR)/XXXXL.app/XXXXL";
			};
			name = Debug;
		};
		CE643B70260A2C1500E0EFE8 /* Release */ = {
			isa = XCBuildConfiguration;
			buildSettings = {
				ALWAYS_EMBED_SWIFT_STANDARD_LIBRARIES = YES;
				BUNDLE_LOADER = "$(TEST_HOST)";
				CODE_SIGN_STYLE = Automatic;
				INFOPLIST_FILE = XXXXLTests/Info.plist;
				IPHONEOS_DEPLOYMENT_TARGET = 14.4;
				LD_RUNPATH_SEARCH_PATHS = (
					"$(inherited)",
					"@executable_path/Frameworks",
					"@loader_path/Frameworks",
				);
				PRODUCT_BUNDLE_IDENTIFIER = XXXL.XXXXLTests;
				PRODUCT_NAME = "$(TARGET_NAME)";
				SWIFT_VERSION = 5.0;
				TARGETED_DEVICE_FAMILY = "1,2";
				TEST_HOST = "$(BUILT_PRODUCTS_DIR)/XXXXL.app/XXXXL";
			};
			name = Release;
		};
		CE643B72260A2C1500E0EFE8 /* Debug */ = {
			isa = XCBuildConfiguration;
			buildSettings = {
				ALWAYS_EMBED_SWIFT_STANDARD_LIBRARIES = YES;
				CODE_SIGN_STYLE = Automatic;
				INFOPLIST_FILE = XXXXLUITests/Info.plist;
				LD_RUNPATH_SEARCH_PATHS = (
					"$(inherited)",
					"@executable_path/Frameworks",
					"@loader_path/Frameworks",
				);
				PRODUCT_BUNDLE_IDENTIFIER = XXXL.XXXXLUITests;
				PRODUCT_NAME = "$(TARGET_NAME)";
				SWIFT_VERSION = 5.0;
				TARGETED_DEVICE_FAMILY = "1,2";
				TEST_TARGET_NAME = XXXXL;
			};
			name = Debug;
		};
		CE643B73260A2C1500E0EFE8 /* Release */ = {
			isa = XCBuildConfiguration;
			buildSettings = {
				ALWAYS_EMBED_SWIFT_STANDARD_LIBRARIES = YES;
				CODE_SIGN_STYLE = Automatic;
				INFOPLIST_FILE = XXXXLUITests/Info.plist;
				LD_RUNPATH_SEARCH_PATHS = (
					"$(inherited)",
					"@executable_path/Frameworks",
					"@loader_path/Frameworks",
				);
				PRODUCT_BUNDLE_IDENTIFIER = XXXL.XXXXLUITests;
				PRODUCT_NAME = "$(TARGET_NAME)";
				SWIFT_VERSION = 5.0;
				TARGETED_DEVICE_FAMILY = "1,2";
				TEST_TARGET_NAME = XXXXL;
			};
			name = Release;
		};
/* End XCBuildConfiguration section */

/* Begin XCConfigurationList section */
		CE643B3C260A2C1100E0EFE8 /* Build configuration list for PBXProject "XXXXL" */ = {
			isa = XCConfigurationList;
			buildConfigurations = (
				CE643B69260A2C1500E0EFE8 /* Debug */,
				CE643B6A260A2C1500E0EFE8 /* Release */,
			);
			defaultConfigurationIsVisible = 0;
			defaultConfigurationName = Release;
		};
		CE643B6B260A2C1500E0EFE8 /* Build configuration list for PBXNativeTarget "XXXXL" */ = {
			isa = XCConfigurationList;
			buildConfigurations = (
				CE643B6C260A2C1500E0EFE8 /* Debug */,
				CE643B6D260A2C1500E0EFE8 /* Release */,
			);
			defaultConfigurationIsVisible = 0;
			defaultConfigurationName = Release;
		};
		CE643B6E260A2C1500E0EFE8 /* Build configuration list for PBXNativeTarget "XXXXLTests" */ = {
			isa = XCConfigurationList;
			buildConfigurations = (
				CE643B6F260A2C1500E0EFE8 /* Debug */,
				CE643B70260A2C1500E0EFE8 /* Release */,
			);
			defaultConfigurationIsVisible = 0;
			defaultConfigurationName = Release;
		};
		CE643B71260A2C1500E0EFE8 /* Build configuration list for PBXNativeTarget "XXXXLUITests" */ = {
			isa = XCConfigurationList;
			buildConfigurations = (
				CE643B72260A2C1500E0EFE8 /* Debug */,
				CE643B73260A2C1500E0EFE8 /* Release */,
			);
			defaultConfigurationIsVisible = 0;
			defaultConfigurationName = Release;
		};
/* End XCConfigurationList section */
	};
	rootObject = CE643B39260A2C1100E0EFE8 /* Project object */;
}
